// !$*UTF8*$!
{
	archiveVersion = 1;
	classes = {
	};
	objectVersion = 46;
	objects = {

/* Begin PBXBuildFile section */
		6DA2B1DF1D2373D20092B49C /* main.cpp in Sources */ = {isa = PBXBuildFile; fileRef = 6DA2B1DE1D2373D20092B49C /* main.cpp */; };
		6DA2B1E41D23757F0092B49C /* main.cpp in Sources */ = {isa = PBXBuildFile; fileRef = 6DA2B1D11D2373A70092B49C /* main.cpp */; };
		6DA2B2051D23AFEE0092B49C /* main.cpp in Sources */ = {isa = PBXBuildFile; fileRef = 6DA2B2041D23AFEE0092B49C /* main.cpp */; };
		6DA2B21C1D23B7900092B49C /* main.cpp in Sources */ = {isa = PBXBuildFile; fileRef = 6DA2B21B1D23B7900092B49C /* main.cpp */; };
		6DA2B2271D24528B0092B49C /* main.cpp in Sources */ = {isa = PBXBuildFile; fileRef = 6DA2B2261D24528B0092B49C /* main.cpp */; };
		6DA2B2321D245CB00092B49C /* main.cpp in Sources */ = {isa = PBXBuildFile; fileRef = 6DA2B2311D245CB00092B49C /* main.cpp */; };
/* End PBXBuildFile section */

/* Begin PBXCopyFilesBuildPhase section */
		6DA2B1CC1D2373A70092B49C /* CopyFiles */ = {
			isa = PBXCopyFilesBuildPhase;
			buildActionMask = 2147483647;
			dstPath = /usr/share/man/man1/;
			dstSubfolderSpec = 0;
			files = (
			);
			runOnlyForDeploymentPostprocessing = 1;
		};
		6DA2B1DA1D2373D20092B49C /* CopyFiles */ = {
			isa = PBXCopyFilesBuildPhase;
			buildActionMask = 2147483647;
			dstPath = /usr/share/man/man1/;
			dstSubfolderSpec = 0;
			files = (
			);
			runOnlyForDeploymentPostprocessing = 1;
		};
		6DA2B2001D23AFEE0092B49C /* CopyFiles */ = {
			isa = PBXCopyFilesBuildPhase;
			buildActionMask = 2147483647;
			dstPath = /usr/share/man/man1/;
			dstSubfolderSpec = 0;
			files = (
			);
			runOnlyForDeploymentPostprocessing = 1;
		};
		6DA2B2171D23B7900092B49C /* CopyFiles */ = {
			isa = PBXCopyFilesBuildPhase;
			buildActionMask = 2147483647;
			dstPath = /usr/share/man/man1/;
			dstSubfolderSpec = 0;
			files = (
			);
			runOnlyForDeploymentPostprocessing = 1;
		};
		6DA2B2221D24528B0092B49C /* CopyFiles */ = {
			isa = PBXCopyFilesBuildPhase;
			buildActionMask = 2147483647;
			dstPath = /usr/share/man/man1/;
			dstSubfolderSpec = 0;
			files = (
			);
			runOnlyForDeploymentPostprocessing = 1;
		};
		6DA2B22D1D245CB00092B49C /* CopyFiles */ = {
			isa = PBXCopyFilesBuildPhase;
			buildActionMask = 2147483647;
			dstPath = /usr/share/man/man1/;
			dstSubfolderSpec = 0;
			files = (
			);
			runOnlyForDeploymentPostprocessing = 1;
		};
/* End PBXCopyFilesBuildPhase section */

/* Begin PBXFileReference section */
		6DA2B1CE1D2373A70092B49C /* Dynamic_Programming */ = {isa = PBXFileReference; explicitFileType = "compiled.mach-o.executable"; includeInIndex = 0; path = Dynamic_Programming; sourceTree = BUILT_PRODUCTS_DIR; };
		6DA2B1D11D2373A70092B49C /* main.cpp */ = {isa = PBXFileReference; lastKnownFileType = sourcecode.cpp.cpp; path = main.cpp; sourceTree = "<group>"; };
		6DA2B1DC1D2373D20092B49C /* Minimum_number_of_operations */ = {isa = PBXFileReference; explicitFileType = "compiled.mach-o.executable"; includeInIndex = 0; path = Minimum_number_of_operations; sourceTree = BUILT_PRODUCTS_DIR; };
		6DA2B1DE1D2373D20092B49C /* main.cpp */ = {isa = PBXFileReference; lastKnownFileType = sourcecode.cpp.cpp; path = main.cpp; sourceTree = "<group>"; };
		6DA2B2021D23AFEE0092B49C /* Knapsack_With_Repetition */ = {isa = PBXFileReference; explicitFileType = "compiled.mach-o.executable"; includeInIndex = 0; path = Knapsack_With_Repetition; sourceTree = BUILT_PRODUCTS_DIR; };
		6DA2B2041D23AFEE0092B49C /* main.cpp */ = {isa = PBXFileReference; lastKnownFileType = sourcecode.cpp.cpp; path = main.cpp; sourceTree = "<group>"; };
		6DA2B2191D23B7900092B49C /* Knapsack_Without_Repetition */ = {isa = PBXFileReference; explicitFileType = "compiled.mach-o.executable"; includeInIndex = 0; path = Knapsack_Without_Repetition; sourceTree = BUILT_PRODUCTS_DIR; };
		6DA2B21B1D23B7900092B49C /* main.cpp */ = {isa = PBXFileReference; lastKnownFileType = sourcecode.cpp.cpp; path = main.cpp; sourceTree = "<group>"; };
		6DA2B2241D24528B0092B49C /* Edit_Distance_Between_Two_Strings */ = {isa = PBXFileReference; explicitFileType = "compiled.mach-o.executable"; includeInIndex = 0; path = Edit_Distance_Between_Two_Strings; sourceTree = BUILT_PRODUCTS_DIR; };
		6DA2B2261D24528B0092B49C /* main.cpp */ = {isa = PBXFileReference; lastKnownFileType = sourcecode.cpp.cpp; path = main.cpp; sourceTree = "<group>"; };
		6DA2B22F1D245CB00092B49C /* Maximum_Value_Of_Arithmetic_Expression */ = {isa = PBXFileReference; explicitFileType = "compiled.mach-o.executable"; includeInIndex = 0; path = Maximum_Value_Of_Arithmetic_Expression; sourceTree = BUILT_PRODUCTS_DIR; };
		6DA2B2311D245CB00092B49C /* main.cpp */ = {isa = PBXFileReference; lastKnownFileType = sourcecode.cpp.cpp; path = main.cpp; sourceTree = "<group>"; };
/* End PBXFileReference section */

/* Begin PBXFrameworksBuildPhase section */
		6DA2B1CB1D2373A70092B49C /* Frameworks */ = {
			isa = PBXFrameworksBuildPhase;
			buildActionMask = 2147483647;
			files = (
			);
			runOnlyForDeploymentPostprocessing = 0;
		};
		6DA2B1D91D2373D20092B49C /* Frameworks */ = {
			isa = PBXFrameworksBuildPhase;
			buildActionMask = 2147483647;
			files = (
			);
			runOnlyForDeploymentPostprocessing = 0;
		};
		6DA2B1FF1D23AFEE0092B49C /* Frameworks */ = {
			isa = PBXFrameworksBuildPhase;
			buildActionMask = 2147483647;
			files = (
			);
			runOnlyForDeploymentPostprocessing = 0;
		};
		6DA2B2161D23B7900092B49C /* Frameworks */ = {
			isa = PBXFrameworksBuildPhase;
			buildActionMask = 2147483647;
			files = (
			);
			runOnlyForDeploymentPostprocessing = 0;
		};
		6DA2B2211D24528B0092B49C /* Frameworks */ = {
			isa = PBXFrameworksBuildPhase;
			buildActionMask = 2147483647;
			files = (
			);
			runOnlyForDeploymentPostprocessing = 0;
		};
		6DA2B22C1D245CB00092B49C /* Frameworks */ = {
			isa = PBXFrameworksBuildPhase;
			buildActionMask = 2147483647;
			files = (
			);
			runOnlyForDeploymentPostprocessing = 0;
		};
/* End PBXFrameworksBuildPhase section */

/* Begin PBXGroup section */
		6DA2B1C51D2373A70092B49C = {
			isa = PBXGroup;
			children = (
				6DA2B1D01D2373A70092B49C /* Dynamic_Programming */,
				6DA2B1DD1D2373D20092B49C /* Minimum_number_of_operations */,
				6DA2B2031D23AFEE0092B49C /* Knapsack_With_Repetition */,
				6DA2B21A1D23B7900092B49C /* Knapsack_Without_Repetition */,
				6DA2B2251D24528B0092B49C /* Edit_Distance_Between_Two_Strings */,
				6DA2B2301D245CB00092B49C /* Maximum_Value_Arithmetic_Expression */,
				6DA2B1CF1D2373A70092B49C /* Products */,
			);
			sourceTree = "<group>";
		};
		6DA2B1CF1D2373A70092B49C /* Products */ = {
			isa = PBXGroup;
			children = (
				6DA2B1CE1D2373A70092B49C /* Dynamic_Programming */,
				6DA2B1DC1D2373D20092B49C /* Minimum_number_of_operations */,
				6DA2B2021D23AFEE0092B49C /* Knapsack_With_Repetition */,
				6DA2B2191D23B7900092B49C /* Knapsack_Without_Repetition */,
				6DA2B2241D24528B0092B49C /* Edit_Distance_Between_Two_Strings */,
				6DA2B22F1D245CB00092B49C /* Maximum_Value_Of_Arithmetic_Expression */,
			);
			name = Products;
			sourceTree = "<group>";
		};
		6DA2B1D01D2373A70092B49C /* Dynamic_Programming */ = {
			isa = PBXGroup;
			children = (
				6DA2B1D11D2373A70092B49C /* main.cpp */,
			);
			path = Dynamic_Programming;
			sourceTree = "<group>";
		};
		6DA2B1DD1D2373D20092B49C /* Minimum_number_of_operations */ = {
			isa = PBXGroup;
			children = (
				6DA2B1DE1D2373D20092B49C /* main.cpp */,
			);
			path = Minimum_number_of_operations;
			sourceTree = "<group>";
		};
		6DA2B2031D23AFEE0092B49C /* Knapsack_With_Repetition */ = {
			isa = PBXGroup;
			children = (
				6DA2B2041D23AFEE0092B49C /* main.cpp */,
			);
			path = Knapsack_With_Repetition;
			sourceTree = "<group>";
		};
		6DA2B21A1D23B7900092B49C /* Knapsack_Without_Repetition */ = {
			isa = PBXGroup;
			children = (
				6DA2B21B1D23B7900092B49C /* main.cpp */,
			);
			path = Knapsack_Without_Repetition;
			sourceTree = "<group>";
		};
		6DA2B2251D24528B0092B49C /* Edit_Distance_Between_Two_Strings */ = {
			isa = PBXGroup;
			children = (
				6DA2B2261D24528B0092B49C /* main.cpp */,
			);
			path = Edit_Distance_Between_Two_Strings;
			sourceTree = "<group>";
		};
		6DA2B2301D245CB00092B49C /* Maximum_Value_Arithmetic_Expression */ = {
			isa = PBXGroup;
			children = (
				6DA2B2311D245CB00092B49C /* main.cpp */,
			);
			name = Maximum_Value_Arithmetic_Expression;
			path = Maximum_Value_Of_Arithmetic_Expression;
			sourceTree = "<group>";
		};
/* End PBXGroup section */

/* Begin PBXNativeTarget section */
		6DA2B1CD1D2373A70092B49C /* Dynamic_Programming */ = {
			isa = PBXNativeTarget;
			buildConfigurationList = 6DA2B1D51D2373A70092B49C /* Build configuration list for PBXNativeTarget "Dynamic_Programming" */;
			buildPhases = (
				6DA2B1CA1D2373A70092B49C /* Sources */,
				6DA2B1CB1D2373A70092B49C /* Frameworks */,
				6DA2B1CC1D2373A70092B49C /* CopyFiles */,
			);
			buildRules = (
			);
			dependencies = (
			);
			name = Dynamic_Programming;
			productName = Dynamic_Programming;
			productReference = 6DA2B1CE1D2373A70092B49C /* Dynamic_Programming */;
			productType = "com.apple.product-type.tool";
		};
		6DA2B1DB1D2373D20092B49C /* Minimum_number_of_operations */ = {
			isa = PBXNativeTarget;
			buildConfigurationList = 6DA2B1E01D2373D20092B49C /* Build configuration list for PBXNativeTarget "Minimum_number_of_operations" */;
			buildPhases = (
				6DA2B1D81D2373D20092B49C /* Sources */,
				6DA2B1D91D2373D20092B49C /* Frameworks */,
				6DA2B1DA1D2373D20092B49C /* CopyFiles */,
			);
			buildRules = (
			);
			dependencies = (
			);
			name = Minimum_number_of_operations;
			productName = Minimum_number_of_operations;
			productReference = 6DA2B1DC1D2373D20092B49C /* Minimum_number_of_operations */;
			productType = "com.apple.product-type.tool";
		};
		6DA2B2011D23AFEE0092B49C /* Knapsack_With_Repetition */ = {
			isa = PBXNativeTarget;
			buildConfigurationList = 6DA2B2061D23AFEE0092B49C /* Build configuration list for PBXNativeTarget "Knapsack_With_Repetition" */;
			buildPhases = (
				6DA2B1FE1D23AFEE0092B49C /* Sources */,
				6DA2B1FF1D23AFEE0092B49C /* Frameworks */,
				6DA2B2001D23AFEE0092B49C /* CopyFiles */,
			);
			buildRules = (
			);
			dependencies = (
			);
			name = Knapsack_With_Repetition;
			productName = Knapsack_With_Repetition;
			productReference = 6DA2B2021D23AFEE0092B49C /* Knapsack_With_Repetition */;
			productType = "com.apple.product-type.tool";
		};
		6DA2B2181D23B7900092B49C /* Knapsack_Without_Repetition */ = {
			isa = PBXNativeTarget;
			buildConfigurationList = 6DA2B21D1D23B7900092B49C /* Build configuration list for PBXNativeTarget "Knapsack_Without_Repetition" */;
			buildPhases = (
				6DA2B2151D23B7900092B49C /* Sources */,
				6DA2B2161D23B7900092B49C /* Frameworks */,
				6DA2B2171D23B7900092B49C /* CopyFiles */,
			);
			buildRules = (
			);
			dependencies = (
			);
			name = Knapsack_Without_Repetition;
			productName = Knapsack_Without_Repetition;
			productReference = 6DA2B2191D23B7900092B49C /* Knapsack_Without_Repetition */;
			productType = "com.apple.product-type.tool";
		};
		6DA2B2231D24528B0092B49C /* Edit_Distance_Between_Two_Strings */ = {
			isa = PBXNativeTarget;
			buildConfigurationList = 6DA2B22A1D24528B0092B49C /* Build configuration list for PBXNativeTarget "Edit_Distance_Between_Two_Strings" */;
			buildPhases = (
				6DA2B2201D24528B0092B49C /* Sources */,
				6DA2B2211D24528B0092B49C /* Frameworks */,
				6DA2B2221D24528B0092B49C /* CopyFiles */,
			);
			buildRules = (
			);
			dependencies = (
			);
			name = Edit_Distance_Between_Two_Strings;
			productName = Edit_Distance_Between_Two_Strings;
			productReference = 6DA2B2241D24528B0092B49C /* Edit_Distance_Between_Two_Strings */;
			productType = "com.apple.product-type.tool";
		};
		6DA2B22E1D245CB00092B49C /* Maximum_Value_Of_Arithmetic_Expression */ = {
			isa = PBXNativeTarget;
			buildConfigurationList = 6DA2B2331D245CB00092B49C /* Build configuration list for PBXNativeTarget "Maximum_Value_Of_Arithmetic_Expression" */;
			buildPhases = (
				6DA2B22B1D245CB00092B49C /* Sources */,
				6DA2B22C1D245CB00092B49C /* Frameworks */,
				6DA2B22D1D245CB00092B49C /* CopyFiles */,
			);
			buildRules = (
			);
			dependencies = (
			);
			name = Maximum_Value_Of_Arithmetic_Expression;
			productName = Maximum_Value_Of_Arithmetic_Expression;
			productReference = 6DA2B22F1D245CB00092B49C /* Maximum_Value_Of_Arithmetic_Expression */;
			productType = "com.apple.product-type.tool";
		};
/* End PBXNativeTarget section */

/* Begin PBXProject section */
		6DA2B1C61D2373A70092B49C /* Project object */ = {
			isa = PBXProject;
			attributes = {
				LastUpgradeCheck = 0720;
				ORGANIZATIONNAME = "Nitesh Thali";
				TargetAttributes = {
					6DA2B1CD1D2373A70092B49C = {
						CreatedOnToolsVersion = 7.2;
					};
					6DA2B1DB1D2373D20092B49C = {
						CreatedOnToolsVersion = 7.2;
					};
					6DA2B2011D23AFEE0092B49C = {
						CreatedOnToolsVersion = 7.2;
					};
					6DA2B2181D23B7900092B49C = {
						CreatedOnToolsVersion = 7.2;
					};
					6DA2B2231D24528B0092B49C = {
						CreatedOnToolsVersion = 7.2;
					};
					6DA2B22E1D245CB00092B49C = {
						CreatedOnToolsVersion = 7.2;
					};
				};
			};
			buildConfigurationList = 6DA2B1C91D2373A70092B49C /* Build configuration list for PBXProject "Dynamic_Programming" */;
			compatibilityVersion = "Xcode 3.2";
			developmentRegion = English;
			hasScannedForEncodings = 0;
			knownRegions = (
				en,
			);
			mainGroup = 6DA2B1C51D2373A70092B49C;
			productRefGroup = 6DA2B1CF1D2373A70092B49C /* Products */;
			projectDirPath = "";
			projectRoot = "";
			targets = (
				6DA2B1CD1D2373A70092B49C /* Dynamic_Programming */,
				6DA2B1DB1D2373D20092B49C /* Minimum_number_of_operations */,
				6DA2B2011D23AFEE0092B49C /* Knapsack_With_Repetition */,
				6DA2B2181D23B7900092B49C /* Knapsack_Without_Repetition */,
				6DA2B2231D24528B0092B49C /* Edit_Distance_Between_Two_Strings */,
				6DA2B22E1D245CB00092B49C /* Maximum_Value_Of_Arithmetic_Expression */,
			);
		};
/* End PBXProject section */

/* Begin PBXSourcesBuildPhase section */
		6DA2B1CA1D2373A70092B49C /* Sources */ = {
			isa = PBXSourcesBuildPhase;
			buildActionMask = 2147483647;
			files = (
				6DA2B1E41D23757F0092B49C /* main.cpp in Sources */,
			);
			runOnlyForDeploymentPostprocessing = 0;
		};
		6DA2B1D81D2373D20092B49C /* Sources */ = {
			isa = PBXSourcesBuildPhase;
			buildActionMask = 2147483647;
			files = (
				6DA2B1DF1D2373D20092B49C /* main.cpp in Sources */,
			);
			runOnlyForDeploymentPostprocessing = 0;
		};
		6DA2B1FE1D23AFEE0092B49C /* Sources */ = {
			isa = PBXSourcesBuildPhase;
			buildActionMask = 2147483647;
			files = (
				6DA2B2051D23AFEE0092B49C /* main.cpp in Sources */,
			);
			runOnlyForDeploymentPostprocessing = 0;
		};
		6DA2B2151D23B7900092B49C /* Sources */ = {
			isa = PBXSourcesBuildPhase;
			buildActionMask = 2147483647;
			files = (
				6DA2B21C1D23B7900092B49C /* main.cpp in Sources */,
			);
			runOnlyForDeploymentPostprocessing = 0;
		};
		6DA2B2201D24528B0092B49C /* Sources */ = {
			isa = PBXSourcesBuildPhase;
			buildActionMask = 2147483647;
			files = (
				6DA2B2271D24528B0092B49C /* main.cpp in Sources */,
			);
			runOnlyForDeploymentPostprocessing = 0;
		};
		6DA2B22B1D245CB00092B49C /* Sources */ = {
			isa = PBXSourcesBuildPhase;
			buildActionMask = 2147483647;
			files = (
				6DA2B2321D245CB00092B49C /* main.cpp in Sources */,
			);
			runOnlyForDeploymentPostprocessing = 0;
		};
/* End PBXSourcesBuildPhase section */

/* Begin XCBuildConfiguration section */
		6DA2B1D31D2373A70092B49C /* Debug */ = {
			isa = XCBuildConfiguration;
			buildSettings = {
				ALWAYS_SEARCH_USER_PATHS = NO;
				CLANG_CXX_LANGUAGE_STANDARD = "gnu++0x";
				CLANG_CXX_LIBRARY = "libc++";
				CLANG_ENABLE_MODULES = YES;
				CLANG_ENABLE_OBJC_ARC = YES;
				CLANG_WARN_BOOL_CONVERSION = YES;
				CLANG_WARN_CONSTANT_CONVERSION = YES;
				CLANG_WARN_DIRECT_OBJC_ISA_USAGE = YES_ERROR;
				CLANG_WARN_EMPTY_BODY = YES;
				CLANG_WARN_ENUM_CONVERSION = YES;
				CLANG_WARN_INT_CONVERSION = YES;
				CLANG_WARN_OBJC_ROOT_CLASS = YES_ERROR;
				CLANG_WARN_UNREACHABLE_CODE = YES;
				CLANG_WARN__DUPLICATE_METHOD_MATCH = YES;
				CODE_SIGN_IDENTITY = "-";
				COPY_PHASE_STRIP = NO;
				DEBUG_INFORMATION_FORMAT = dwarf;
				ENABLE_STRICT_OBJC_MSGSEND = YES;
				ENABLE_TESTABILITY = YES;
				GCC_C_LANGUAGE_STANDARD = gnu99;
				GCC_DYNAMIC_NO_PIC = NO;
				GCC_NO_COMMON_BLOCKS = YES;
				GCC_OPTIMIZATION_LEVEL = 0;
				GCC_PREPROCESSOR_DEFINITIONS = (
					"DEBUG=1",
					"$(inherited)",
				);
				GCC_WARN_64_TO_32_BIT_CONVERSION = YES;
				GCC_WARN_ABOUT_RETURN_TYPE = YES_ERROR;
				GCC_WARN_UNDECLARED_SELECTOR = YES;
				GCC_WARN_UNINITIALIZED_AUTOS = YES_AGGRESSIVE;
				GCC_WARN_UNUSED_FUNCTION = YES;
				GCC_WARN_UNUSED_VARIABLE = YES;
				MACOSX_DEPLOYMENT_TARGET = 10.11;
				MTL_ENABLE_DEBUG_INFO = YES;
				ONLY_ACTIVE_ARCH = YES;
				SDKROOT = macosx;
			};
			name = Debug;
		};
		6DA2B1D41D2373A70092B49C /* Release */ = {
			isa = XCBuildConfiguration;
			buildSettings = {
				ALWAYS_SEARCH_USER_PATHS = NO;
				CLANG_CXX_LANGUAGE_STANDARD = "gnu++0x";
				CLANG_CXX_LIBRARY = "libc++";
				CLANG_ENABLE_MODULES = YES;
				CLANG_ENABLE_OBJC_ARC = YES;
				CLANG_WARN_BOOL_CONVERSION = YES;
				CLANG_WARN_CONSTANT_CONVERSION = YES;
				CLANG_WARN_DIRECT_OBJC_ISA_USAGE = YES_ERROR;
				CLANG_WARN_EMPTY_BODY = YES;
				CLANG_WARN_ENUM_CONVERSION = YES;
				CLANG_WARN_INT_CONVERSION = YES;
				CLANG_WARN_OBJC_ROOT_CLASS = YES_ERROR;
				CLANG_WARN_UNREACHABLE_CODE = YES;
				CLANG_WARN__DUPLICATE_METHOD_MATCH = YES;
				CODE_SIGN_IDENTITY = "-";
				COPY_PHASE_STRIP = NO;
				DEBUG_INFORMATION_FORMAT = "dwarf-with-dsym";
				ENABLE_NS_ASSERTIONS = NO;
				ENABLE_STRICT_OBJC_MSGSEND = YES;
				GCC_C_LANGUAGE_STANDARD = gnu99;
				GCC_NO_COMMON_BLOCKS = YES;
				GCC_WARN_64_TO_32_BIT_CONVERSION = YES;
				GCC_WARN_ABOUT_RETURN_TYPE = YES_ERROR;
				GCC_WARN_UNDECLARED_SELECTOR = YES;
				GCC_WARN_UNINITIALIZED_AUTOS = YES_AGGRESSIVE;
				GCC_WARN_UNUSED_FUNCTION = YES;
				GCC_WARN_UNUSED_VARIABLE = YES;
				MACOSX_DEPLOYMENT_TARGET = 10.11;
				MTL_ENABLE_DEBUG_INFO = NO;
				SDKROOT = macosx;
			};
			name = Release;
		};
		6DA2B1D61D2373A70092B49C /* Debug */ = {
			isa = XCBuildConfiguration;
			buildSettings = {
				PRODUCT_NAME = "$(TARGET_NAME)";
			};
			name = Debug;
		};
		6DA2B1D71D2373A70092B49C /* Release */ = {
			isa = XCBuildConfiguration;
			buildSettings = {
				PRODUCT_NAME = "$(TARGET_NAME)";
			};
			name = Release;
		};
		6DA2B1E11D2373D20092B49C /* Debug */ = {
			isa = XCBuildConfiguration;
			buildSettings = {
				PRODUCT_NAME = "$(TARGET_NAME)";
			};
			name = Debug;
		};
		6DA2B1E21D2373D20092B49C /* Release */ = {
			isa = XCBuildConfiguration;
			buildSettings = {
				PRODUCT_NAME = "$(TARGET_NAME)";
			};
			name = Release;
		};
		6DA2B2071D23AFEE0092B49C /* Debug */ = {
			isa = XCBuildConfiguration;
			buildSettings = {
				PRODUCT_NAME = "$(TARGET_NAME)";
			};
			name = Debug;
		};
		6DA2B2081D23AFEE0092B49C /* Release */ = {
			isa = XCBuildConfiguration;
			buildSettings = {
				PRODUCT_NAME = "$(TARGET_NAME)";
			};
			name = Release;
		};
		6DA2B21E1D23B7900092B49C /* Debug */ = {
			isa = XCBuildConfiguration;
			buildSettings = {
				PRODUCT_NAME = "$(TARGET_NAME)";
			};
			name = Debug;
		};
		6DA2B21F1D23B7900092B49C /* Release */ = {
			isa = XCBuildConfiguration;
			buildSettings = {
				PRODUCT_NAME = "$(TARGET_NAME)";
			};
			name = Release;
		};
		6DA2B2281D24528B0092B49C /* Debug */ = {
			isa = XCBuildConfiguration;
			buildSettings = {
				PRODUCT_NAME = "$(TARGET_NAME)";
			};
			name = Debug;
		};
		6DA2B2291D24528B0092B49C /* Release */ = {
			isa = XCBuildConfiguration;
			buildSettings = {
				PRODUCT_NAME = "$(TARGET_NAME)";
			};
			name = Release;
		};
		6DA2B2341D245CB00092B49C /* Debug */ = {
			isa = XCBuildConfiguration;
			buildSettings = {
				PRODUCT_NAME = "$(TARGET_NAME)";
			};
			name = Debug;
		};
		6DA2B2351D245CB00092B49C /* Release */ = {
			isa = XCBuildConfiguration;
			buildSettings = {
				PRODUCT_NAME = "$(TARGET_NAME)";
			};
			name = Release;
		};
/* End XCBuildConfiguration section */

/* Begin XCConfigurationList section */
		6DA2B1C91D2373A70092B49C /* Build configuration list for PBXProject "Dynamic_Programming" */ = {
			isa = XCConfigurationList;
			buildConfigurations = (
				6DA2B1D31D2373A70092B49C /* Debug */,
				6DA2B1D41D2373A70092B49C /* Release */,
			);
			defaultConfigurationIsVisible = 0;
			defaultConfigurationName = Release;
		};
		6DA2B1D51D2373A70092B49C /* Build configuration list for PBXNativeTarget "Dynamic_Programming" */ = {
			isa = XCConfigurationList;
			buildConfigurations = (
				6DA2B1D61D2373A70092B49C /* Debug */,
				6DA2B1D71D2373A70092B49C /* Release */,
			);
			defaultConfigurationIsVisible = 0;
			defaultConfigurationName = Release;
		};
		6DA2B1E01D2373D20092B49C /* Build configuration list for PBXNativeTarget "Minimum_number_of_operations" */ = {
			isa = XCConfigurationList;
			buildConfigurations = (
				6DA2B1E11D2373D20092B49C /* Debug */,
				6DA2B1E21D2373D20092B49C /* Release */,
			);
			defaultConfigurationIsVisible = 0;
			defaultConfigurationName = Release;
		};
		6DA2B2061D23AFEE0092B49C /* Build configuration list for PBXNativeTarget "Knapsack_With_Repetition" */ = {
			isa = XCConfigurationList;
			buildConfigurations = (
				6DA2B2071D23AFEE0092B49C /* Debug */,
				6DA2B2081D23AFEE0092B49C /* Release */,
			);
			defaultConfigurationIsVisible = 0;
			defaultConfigurationName = Release;
		};
		6DA2B21D1D23B7900092B49C /* Build configuration list for PBXNativeTarget "Knapsack_Without_Repetition" */ = {
			isa = XCConfigurationList;
			buildConfigurations = (
				6DA2B21E1D23B7900092B49C /* Debug */,
				6DA2B21F1D23B7900092B49C /* Release */,
			);
			defaultConfigurationIsVisible = 0;
			defaultConfigurationName = Release;
		};
		6DA2B22A1D24528B0092B49C /* Build configuration list for PBXNativeTarget "Edit_Distance_Between_Two_Strings" */ = {
			isa = XCConfigurationList;
			buildConfigurations = (
				6DA2B2281D24528B0092B49C /* Debug */,
				6DA2B2291D24528B0092B49C /* Release */,
			);
			defaultConfigurationIsVisible = 0;
		};
		6DA2B2331D245CB00092B49C /* Build configuration list for PBXNativeTarget "Maximum_Value_Of_Arithmetic_Expression" */ = {
			isa = XCConfigurationList;
			buildConfigurations = (
				6DA2B2341D245CB00092B49C /* Debug */,
				6DA2B2351D245CB00092B49C /* Release */,
			);
			defaultConfigurationIsVisible = 0;
		};
/* End XCConfigurationList section */
	};
	rootObject = 6DA2B1C61D2373A70092B49C /* Project object */;
}
