// !$*UTF8*$!
{
	archiveVersion = 1;
	classes = {
	};
	objectVersion = 46;
	objects = {

/* Begin PBXBuildFile section */
		6D1110E71D1760B9005C4117 /* main.cpp in Sources */ = {isa = PBXBuildFile; fileRef = 6D1110E61D1760B9005C4117 /* main.cpp */; };
		6D1110F41D1760CE005C4117 /* main.cpp in Sources */ = {isa = PBXBuildFile; fileRef = 6D1110F31D1760CE005C4117 /* main.cpp */; };
		6D1110FF1D176DBB005C4117 /* main.cpp in Sources */ = {isa = PBXBuildFile; fileRef = 6D1110FE1D176DBB005C4117 /* main.cpp */; };
		6D11110A1D17972E005C4117 /* main.cpp in Sources */ = {isa = PBXBuildFile; fileRef = 6D1111091D17972E005C4117 /* main.cpp */; };
		6D1111151D17A0FE005C4117 /* main.cpp in Sources */ = {isa = PBXBuildFile; fileRef = 6D1111141D17A0FE005C4117 /* main.cpp */; };
/* End PBXBuildFile section */

/* Begin PBXCopyFilesBuildPhase section */
		6D1110E11D1760B9005C4117 /* CopyFiles */ = {
			isa = PBXCopyFilesBuildPhase;
			buildActionMask = 2147483647;
			dstPath = /usr/share/man/man1/;
			dstSubfolderSpec = 0;
			files = (
			);
			runOnlyForDeploymentPostprocessing = 1;
		};
		6D1110EF1D1760CE005C4117 /* CopyFiles */ = {
			isa = PBXCopyFilesBuildPhase;
			buildActionMask = 2147483647;
			dstPath = /usr/share/man/man1/;
			dstSubfolderSpec = 0;
			files = (
			);
			runOnlyForDeploymentPostprocessing = 1;
		};
		6D1110FA1D176DBB005C4117 /* CopyFiles */ = {
			isa = PBXCopyFilesBuildPhase;
			buildActionMask = 2147483647;
			dstPath = /usr/share/man/man1/;
			dstSubfolderSpec = 0;
			files = (
			);
			runOnlyForDeploymentPostprocessing = 1;
		};
		6D1111051D17972E005C4117 /* CopyFiles */ = {
			isa = PBXCopyFilesBuildPhase;
			buildActionMask = 2147483647;
			dstPath = /usr/share/man/man1/;
			dstSubfolderSpec = 0;
			files = (
			);
			runOnlyForDeploymentPostprocessing = 1;
		};
		6D1111101D17A0FE005C4117 /* CopyFiles */ = {
			isa = PBXCopyFilesBuildPhase;
			buildActionMask = 2147483647;
			dstPath = /usr/share/man/man1/;
			dstSubfolderSpec = 0;
			files = (
			);
			runOnlyForDeploymentPostprocessing = 1;
		};
/* End PBXCopyFilesBuildPhase section */

/* Begin PBXFileReference section */
		6D1110E31D1760B9005C4117 /* divide_and_conquere */ = {isa = PBXFileReference; explicitFileType = "compiled.mach-o.executable"; includeInIndex = 0; path = divide_and_conquere; sourceTree = BUILT_PRODUCTS_DIR; };
		6D1110E61D1760B9005C4117 /* main.cpp */ = {isa = PBXFileReference; lastKnownFileType = sourcecode.cpp.cpp; path = main.cpp; sourceTree = "<group>"; };
		6D1110F11D1760CE005C4117 /* binary_search */ = {isa = PBXFileReference; explicitFileType = "compiled.mach-o.executable"; includeInIndex = 0; path = binary_search; sourceTree = BUILT_PRODUCTS_DIR; };
		6D1110F31D1760CE005C4117 /* main.cpp */ = {isa = PBXFileReference; lastKnownFileType = sourcecode.cpp.cpp; path = main.cpp; sourceTree = "<group>"; };
		6D1110FC1D176DBB005C4117 /* find_majority_element */ = {isa = PBXFileReference; explicitFileType = "compiled.mach-o.executable"; includeInIndex = 0; path = find_majority_element; sourceTree = BUILT_PRODUCTS_DIR; };
		6D1110FE1D176DBB005C4117 /* main.cpp */ = {isa = PBXFileReference; lastKnownFileType = sourcecode.cpp.cpp; path = main.cpp; sourceTree = "<group>"; };
		6D1111071D17972E005C4117 /* 3-way_Quick_sort */ = {isa = PBXFileReference; explicitFileType = "compiled.mach-o.executable"; includeInIndex = 0; path = "3-way_Quick_sort"; sourceTree = BUILT_PRODUCTS_DIR; };
		6D1111091D17972E005C4117 /* main.cpp */ = {isa = PBXFileReference; lastKnownFileType = sourcecode.cpp.cpp; path = main.cpp; sourceTree = "<group>"; };
		6D1111121D17A0FE005C4117 /* NUmber_of_Inversions */ = {isa = PBXFileReference; explicitFileType = "compiled.mach-o.executable"; includeInIndex = 0; path = NUmber_of_Inversions; sourceTree = BUILT_PRODUCTS_DIR; };
		6D1111141D17A0FE005C4117 /* main.cpp */ = {isa = PBXFileReference; lastKnownFileType = sourcecode.cpp.cpp; path = main.cpp; sourceTree = "<group>"; };
/* End PBXFileReference section */

/* Begin PBXFrameworksBuildPhase section */
		6D1110E01D1760B9005C4117 /* Frameworks */ = {
			isa = PBXFrameworksBuildPhase;
			buildActionMask = 2147483647;
			files = (
			);
			runOnlyForDeploymentPostprocessing = 0;
		};
		6D1110EE1D1760CE005C4117 /* Frameworks */ = {
			isa = PBXFrameworksBuildPhase;
			buildActionMask = 2147483647;
			files = (
			);
			runOnlyForDeploymentPostprocessing = 0;
		};
		6D1110F91D176DBB005C4117 /* Frameworks */ = {
			isa = PBXFrameworksBuildPhase;
			buildActionMask = 2147483647;
			files = (
			);
			runOnlyForDeploymentPostprocessing = 0;
		};
		6D1111041D17972E005C4117 /* Frameworks */ = {
			isa = PBXFrameworksBuildPhase;
			buildActionMask = 2147483647;
			files = (
			);
			runOnlyForDeploymentPostprocessing = 0;
		};
		6D11110F1D17A0FE005C4117 /* Frameworks */ = {
			isa = PBXFrameworksBuildPhase;
			buildActionMask = 2147483647;
			files = (
			);
			runOnlyForDeploymentPostprocessing = 0;
		};
/* End PBXFrameworksBuildPhase section */

/* Begin PBXGroup section */
		6D1110DA1D1760B9005C4117 = {
			isa = PBXGroup;
			children = (
				6D1110E51D1760B9005C4117 /* divide_and_conquere */,
				6D1110F21D1760CE005C4117 /* binary_search */,
				6D1110FD1D176DBB005C4117 /* find_majority_element */,
				6D1111081D17972E005C4117 /* 3-way_Quick_sort */,
				6D1111131D17A0FE005C4117 /* NUmber_of_Inversions */,
				6D1110E41D1760B9005C4117 /* Products */,
			);
			sourceTree = "<group>";
		};
		6D1110E41D1760B9005C4117 /* Products */ = {
			isa = PBXGroup;
			children = (
				6D1110E31D1760B9005C4117 /* divide_and_conquere */,
				6D1110F11D1760CE005C4117 /* binary_search */,
				6D1110FC1D176DBB005C4117 /* find_majority_element */,
				6D1111071D17972E005C4117 /* 3-way_Quick_sort */,
				6D1111121D17A0FE005C4117 /* NUmber_of_Inversions */,
			);
			name = Products;
			sourceTree = "<group>";
		};
		6D1110E51D1760B9005C4117 /* divide_and_conquere */ = {
			isa = PBXGroup;
			children = (
				6D1110E61D1760B9005C4117 /* main.cpp */,
			);
			path = divide_and_conquere;
			sourceTree = "<group>";
		};
		6D1110F21D1760CE005C4117 /* binary_search */ = {
			isa = PBXGroup;
			children = (
				6D1110F31D1760CE005C4117 /* main.cpp */,
			);
			path = binary_search;
			sourceTree = "<group>";
		};
		6D1110FD1D176DBB005C4117 /* find_majority_element */ = {
			isa = PBXGroup;
			children = (
				6D1110FE1D176DBB005C4117 /* main.cpp */,
			);
			path = find_majority_element;
			sourceTree = "<group>";
		};
		6D1111081D17972E005C4117 /* 3-way_Quick_sort */ = {
			isa = PBXGroup;
			children = (
				6D1111091D17972E005C4117 /* main.cpp */,
			);
			path = "3-way_Quick_sort";
			sourceTree = "<group>";
		};
		6D1111131D17A0FE005C4117 /* NUmber_of_Inversions */ = {
			isa = PBXGroup;
			children = (
				6D1111141D17A0FE005C4117 /* main.cpp */,
			);
			path = NUmber_of_Inversions;
			sourceTree = "<group>";
		};
/* End PBXGroup section */

/* Begin PBXNativeTarget section */
		6D1110E21D1760B9005C4117 /* divide_and_conquere */ = {
			isa = PBXNativeTarget;
			buildConfigurationList = 6D1110EA1D1760B9005C4117 /* Build configuration list for PBXNativeTarget "divide_and_conquere" */;
			buildPhases = (
				6D1110DF1D1760B9005C4117 /* Sources */,
				6D1110E01D1760B9005C4117 /* Frameworks */,
				6D1110E11D1760B9005C4117 /* CopyFiles */,
			);
			buildRules = (
			);
			dependencies = (
			);
			name = divide_and_conquere;
			productName = divide_and_conquere;
			productReference = 6D1110E31D1760B9005C4117 /* divide_and_conquere */;
			productType = "com.apple.product-type.tool";
		};
		6D1110F01D1760CE005C4117 /* binary_search */ = {
			isa = PBXNativeTarget;
			buildConfigurationList = 6D1110F51D1760CE005C4117 /* Build configuration list for PBXNativeTarget "binary_search" */;
			buildPhases = (
				6D1110ED1D1760CE005C4117 /* Sources */,
				6D1110EE1D1760CE005C4117 /* Frameworks */,
				6D1110EF1D1760CE005C4117 /* CopyFiles */,
			);
			buildRules = (
			);
			dependencies = (
			);
			name = binary_search;
			productName = binary_search;
			productReference = 6D1110F11D1760CE005C4117 /* binary_search */;
			productType = "com.apple.product-type.tool";
		};
		6D1110FB1D176DBB005C4117 /* find_majority_element */ = {
			isa = PBXNativeTarget;
			buildConfigurationList = 6D1111001D176DBB005C4117 /* Build configuration list for PBXNativeTarget "find_majority_element" */;
			buildPhases = (
				6D1110F81D176DBB005C4117 /* Sources */,
				6D1110F91D176DBB005C4117 /* Frameworks */,
				6D1110FA1D176DBB005C4117 /* CopyFiles */,
			);
			buildRules = (
			);
			dependencies = (
			);
			name = find_majority_element;
			productName = find_majority_element;
			productReference = 6D1110FC1D176DBB005C4117 /* find_majority_element */;
			productType = "com.apple.product-type.tool";
		};
		6D1111061D17972E005C4117 /* 3-way_Quick_sort */ = {
			isa = PBXNativeTarget;
			buildConfigurationList = 6D11110B1D17972E005C4117 /* Build configuration list for PBXNativeTarget "3-way_Quick_sort" */;
			buildPhases = (
				6D1111031D17972E005C4117 /* Sources */,
				6D1111041D17972E005C4117 /* Frameworks */,
				6D1111051D17972E005C4117 /* CopyFiles */,
			);
			buildRules = (
			);
			dependencies = (
			);
			name = "3-way_Quick_sort";
			productName = "3-way_Quick_sort";
			productReference = 6D1111071D17972E005C4117 /* 3-way_Quick_sort */;
			productType = "com.apple.product-type.tool";
		};
		6D1111111D17A0FE005C4117 /* NUmber_of_Inversions */ = {
			isa = PBXNativeTarget;
			buildConfigurationList = 6D1111181D17A0FE005C4117 /* Build configuration list for PBXNativeTarget "NUmber_of_Inversions" */;
			buildPhases = (
				6D11110E1D17A0FE005C4117 /* Sources */,
				6D11110F1D17A0FE005C4117 /* Frameworks */,
				6D1111101D17A0FE005C4117 /* CopyFiles */,
			);
			buildRules = (
			);
			dependencies = (
			);
			name = NUmber_of_Inversions;
			productName = NUmber_of_Inversions;
			productReference = 6D1111121D17A0FE005C4117 /* NUmber_of_Inversions */;
			productType = "com.apple.product-type.tool";
		};
/* End PBXNativeTarget section */

/* Begin PBXProject section */
		6D1110DB1D1760B9005C4117 /* Project object */ = {
			isa = PBXProject;
			attributes = {
				LastUpgradeCheck = 0720;
				ORGANIZATIONNAME = "Nitesh Thali";
				TargetAttributes = {
					6D1110E21D1760B9005C4117 = {
						CreatedOnToolsVersion = 7.2;
					};
					6D1110F01D1760CE005C4117 = {
						CreatedOnToolsVersion = 7.2;
					};
					6D1110FB1D176DBB005C4117 = {
						CreatedOnToolsVersion = 7.2;
					};
					6D1111061D17972E005C4117 = {
						CreatedOnToolsVersion = 7.2;
					};
					6D1111111D17A0FE005C4117 = {
						CreatedOnToolsVersion = 7.2;
					};
				};
			};
			buildConfigurationList = 6D1110DE1D1760B9005C4117 /* Build configuration list for PBXProject "divide_and_conquere" */;
			compatibilityVersion = "Xcode 3.2";
			developmentRegion = English;
			hasScannedForEncodings = 0;
			knownRegions = (
				en,
			);
			mainGroup = 6D1110DA1D1760B9005C4117;
			productRefGroup = 6D1110E41D1760B9005C4117 /* Products */;
			projectDirPath = "";
			projectRoot = "";
			targets = (
				6D1110E21D1760B9005C4117 /* divide_and_conquere */,
				6D1110F01D1760CE005C4117 /* binary_search */,
				6D1110FB1D176DBB005C4117 /* find_majority_element */,
				6D1111061D17972E005C4117 /* 3-way_Quick_sort */,
				6D1111111D17A0FE005C4117 /* NUmber_of_Inversions */,
			);
		};
/* End PBXProject section */

/* Begin PBXSourcesBuildPhase section */
		6D1110DF1D1760B9005C4117 /* Sources */ = {
			isa = PBXSourcesBuildPhase;
			buildActionMask = 2147483647;
			files = (
				6D1110E71D1760B9005C4117 /* main.cpp in Sources */,
			);
			runOnlyForDeploymentPostprocessing = 0;
		};
		6D1110ED1D1760CE005C4117 /* Sources */ = {
			isa = PBXSourcesBuildPhase;
			buildActionMask = 2147483647;
			files = (
				6D1110F41D1760CE005C4117 /* main.cpp in Sources */,
			);
			runOnlyForDeploymentPostprocessing = 0;
		};
		6D1110F81D176DBB005C4117 /* Sources */ = {
			isa = PBXSourcesBuildPhase;
			buildActionMask = 2147483647;
			files = (
				6D1110FF1D176DBB005C4117 /* main.cpp in Sources */,
			);
			runOnlyForDeploymentPostprocessing = 0;
		};
		6D1111031D17972E005C4117 /* Sources */ = {
			isa = PBXSourcesBuildPhase;
			buildActionMask = 2147483647;
			files = (
				6D11110A1D17972E005C4117 /* main.cpp in Sources */,
			);
			runOnlyForDeploymentPostprocessing = 0;
		};
		6D11110E1D17A0FE005C4117 /* Sources */ = {
			isa = PBXSourcesBuildPhase;
			buildActionMask = 2147483647;
			files = (
				6D1111151D17A0FE005C4117 /* main.cpp in Sources */,
			);
			runOnlyForDeploymentPostprocessing = 0;
		};
/* End PBXSourcesBuildPhase section */

/* Begin XCBuildConfiguration section */
		6D1110E81D1760B9005C4117 /* Debug */ = {
			isa = XCBuildConfiguration;
			buildSettings = {
				ALWAYS_SEARCH_USER_PATHS = NO;
				CLANG_CXX_LANGUAGE_STANDARD = "gnu++0x";
				CLANG_CXX_LIBRARY = "libc++";
				CLANG_ENABLE_MODULES = YES;
				CLANG_ENABLE_OBJC_ARC = YES;
				CLANG_WARN_BOOL_CONVERSION = YES;
				CLANG_WARN_CONSTANT_CONVERSION = YES;
				CLANG_WARN_DIRECT_OBJC_ISA_USAGE = YES_ERROR;
				CLANG_WARN_EMPTY_BODY = YES;
				CLANG_WARN_ENUM_CONVERSION = YES;
				CLANG_WARN_INT_CONVERSION = YES;
				CLANG_WARN_OBJC_ROOT_CLASS = YES_ERROR;
				CLANG_WARN_UNREACHABLE_CODE = YES;
				CLANG_WARN__DUPLICATE_METHOD_MATCH = YES;
				CODE_SIGN_IDENTITY = "-";
				COPY_PHASE_STRIP = NO;
				DEBUG_INFORMATION_FORMAT = dwarf;
				ENABLE_STRICT_OBJC_MSGSEND = YES;
				ENABLE_TESTABILITY = YES;
				GCC_C_LANGUAGE_STANDARD = gnu99;
				GCC_DYNAMIC_NO_PIC = NO;
				GCC_NO_COMMON_BLOCKS = YES;
				GCC_OPTIMIZATION_LEVEL = 0;
				GCC_PREPROCESSOR_DEFINITIONS = (
					"DEBUG=1",
					"$(inherited)",
				);
				GCC_WARN_64_TO_32_BIT_CONVERSION = YES;
				GCC_WARN_ABOUT_RETURN_TYPE = YES_ERROR;
				GCC_WARN_UNDECLARED_SELECTOR = YES;
				GCC_WARN_UNINITIALIZED_AUTOS = YES_AGGRESSIVE;
				GCC_WARN_UNUSED_FUNCTION = YES;
				GCC_WARN_UNUSED_VARIABLE = YES;
				MACOSX_DEPLOYMENT_TARGET = 10.11;
				MTL_ENABLE_DEBUG_INFO = YES;
				ONLY_ACTIVE_ARCH = YES;
				SDKROOT = macosx;
			};
			name = Debug;
		};
		6D1110E91D1760B9005C4117 /* Release */ = {
			isa = XCBuildConfiguration;
			buildSettings = {
				ALWAYS_SEARCH_USER_PATHS = NO;
				CLANG_CXX_LANGUAGE_STANDARD = "gnu++0x";
				CLANG_CXX_LIBRARY = "libc++";
				CLANG_ENABLE_MODULES = YES;
				CLANG_ENABLE_OBJC_ARC = YES;
				CLANG_WARN_BOOL_CONVERSION = YES;
				CLANG_WARN_CONSTANT_CONVERSION = YES;
				CLANG_WARN_DIRECT_OBJC_ISA_USAGE = YES_ERROR;
				CLANG_WARN_EMPTY_BODY = YES;
				CLANG_WARN_ENUM_CONVERSION = YES;
				CLANG_WARN_INT_CONVERSION = YES;
				CLANG_WARN_OBJC_ROOT_CLASS = YES_ERROR;
				CLANG_WARN_UNREACHABLE_CODE = YES;
				CLANG_WARN__DUPLICATE_METHOD_MATCH = YES;
				CODE_SIGN_IDENTITY = "-";
				COPY_PHASE_STRIP = NO;
				DEBUG_INFORMATION_FORMAT = "dwarf-with-dsym";
				ENABLE_NS_ASSERTIONS = NO;
				ENABLE_STRICT_OBJC_MSGSEND = YES;
				GCC_C_LANGUAGE_STANDARD = gnu99;
				GCC_NO_COMMON_BLOCKS = YES;
				GCC_WARN_64_TO_32_BIT_CONVERSION = YES;
				GCC_WARN_ABOUT_RETURN_TYPE = YES_ERROR;
				GCC_WARN_UNDECLARED_SELECTOR = YES;
				GCC_WARN_UNINITIALIZED_AUTOS = YES_AGGRESSIVE;
				GCC_WARN_UNUSED_FUNCTION = YES;
				GCC_WARN_UNUSED_VARIABLE = YES;
				MACOSX_DEPLOYMENT_TARGET = 10.11;
				MTL_ENABLE_DEBUG_INFO = NO;
				SDKROOT = macosx;
			};
			name = Release;
		};
		6D1110EB1D1760B9005C4117 /* Debug */ = {
			isa = XCBuildConfiguration;
			buildSettings = {
				PRODUCT_NAME = "$(TARGET_NAME)";
			};
			name = Debug;
		};
		6D1110EC1D1760B9005C4117 /* Release */ = {
			isa = XCBuildConfiguration;
			buildSettings = {
				PRODUCT_NAME = "$(TARGET_NAME)";
			};
			name = Release;
		};
		6D1110F61D1760CE005C4117 /* Debug */ = {
			isa = XCBuildConfiguration;
			buildSettings = {
				PRODUCT_NAME = "$(TARGET_NAME)";
			};
			name = Debug;
		};
		6D1110F71D1760CE005C4117 /* Release */ = {
			isa = XCBuildConfiguration;
			buildSettings = {
				PRODUCT_NAME = "$(TARGET_NAME)";
			};
			name = Release;
		};
		6D1111011D176DBB005C4117 /* Debug */ = {
			isa = XCBuildConfiguration;
			buildSettings = {
				PRODUCT_NAME = "$(TARGET_NAME)";
			};
			name = Debug;
		};
		6D1111021D176DBB005C4117 /* Release */ = {
			isa = XCBuildConfiguration;
			buildSettings = {
				PRODUCT_NAME = "$(TARGET_NAME)";
			};
			name = Release;
		};
		6D11110C1D17972E005C4117 /* Debug */ = {
			isa = XCBuildConfiguration;
			buildSettings = {
				PRODUCT_NAME = "$(TARGET_NAME)";
			};
			name = Debug;
		};
		6D11110D1D17972E005C4117 /* Release */ = {
			isa = XCBuildConfiguration;
			buildSettings = {
				PRODUCT_NAME = "$(TARGET_NAME)";
			};
			name = Release;
		};
		6D1111161D17A0FE005C4117 /* Debug */ = {
			isa = XCBuildConfiguration;
			buildSettings = {
				PRODUCT_NAME = "$(TARGET_NAME)";
			};
			name = Debug;
		};
		6D1111171D17A0FE005C4117 /* Release */ = {
			isa = XCBuildConfiguration;
			buildSettings = {
				PRODUCT_NAME = "$(TARGET_NAME)";
			};
			name = Release;
		};
/* End XCBuildConfiguration section */

/* Begin XCConfigurationList section */
		6D1110DE1D1760B9005C4117 /* Build configuration list for PBXProject "divide_and_conquere" */ = {
			isa = XCConfigurationList;
			buildConfigurations = (
				6D1110E81D1760B9005C4117 /* Debug */,
				6D1110E91D1760B9005C4117 /* Release */,
			);
			defaultConfigurationIsVisible = 0;
			defaultConfigurationName = Release;
		};
		6D1110EA1D1760B9005C4117 /* Build configuration list for PBXNativeTarget "divide_and_conquere" */ = {
			isa = XCConfigurationList;
			buildConfigurations = (
				6D1110EB1D1760B9005C4117 /* Debug */,
				6D1110EC1D1760B9005C4117 /* Release */,
			);
			defaultConfigurationIsVisible = 0;
			defaultConfigurationName = Release;
		};
		6D1110F51D1760CE005C4117 /* Build configuration list for PBXNativeTarget "binary_search" */ = {
			isa = XCConfigurationList;
			buildConfigurations = (
				6D1110F61D1760CE005C4117 /* Debug */,
				6D1110F71D1760CE005C4117 /* Release */,
			);
			defaultConfigurationIsVisible = 0;
			defaultConfigurationName = Release;
		};
		6D1111001D176DBB005C4117 /* Build configuration list for PBXNativeTarget "find_majority_element" */ = {
			isa = XCConfigurationList;
			buildConfigurations = (
				6D1111011D176DBB005C4117 /* Debug */,
				6D1111021D176DBB005C4117 /* Release */,
			);
			defaultConfigurationIsVisible = 0;
			defaultConfigurationName = Release;
		};
		6D11110B1D17972E005C4117 /* Build configuration list for PBXNativeTarget "3-way_Quick_sort" */ = {
			isa = XCConfigurationList;
			buildConfigurations = (
				6D11110C1D17972E005C4117 /* Debug */,
				6D11110D1D17972E005C4117 /* Release */,
			);
			defaultConfigurationIsVisible = 0;
			defaultConfigurationName = Release;
		};
		6D1111181D17A0FE005C4117 /* Build configuration list for PBXNativeTarget "NUmber_of_Inversions" */ = {
			isa = XCConfigurationList;
			buildConfigurations = (
				6D1111161D17A0FE005C4117 /* Debug */,
				6D1111171D17A0FE005C4117 /* Release */,
			);
			defaultConfigurationIsVisible = 0;
		};
/* End XCConfigurationList section */
	};
	rootObject = 6D1110DB1D1760B9005C4117 /* Project object */;
}
